PODS:
  - Jester (0.1.0):
    - RxSwift (~> 4.0)
  - RxSwift (4.2.0)

DEPENDENCIES:
  - Jester

SPEC REPOS:
  https://github.com/cocoapods/specs.git:
    - Jester
    - RxSwift

SPEC CHECKSUMS:
  Jester: f3ae54c85be6ff9037fb4840376d28b86ba4998c
  RxSwift: 99e10317ddfcc7fbe01356aafd118fde4a0be104

PODFILE CHECKSUM: 8c78ad506ae8c5cc727986870825612ac1b2ea08

COCOAPODS: 1.5.3
