// !$*UTF8*$!
{
	archiveVersion = 1;
	classes = {
	};
	objectVersion = 50;
	objects = {

/* Begin PBXBuildFile section */
		268202DE2114FAE8008F8F2B /* AppDelegate.swift in Sources */ = {isa = PBXBuildFile; fileRef = 268202DD2114FAE8008F8F2B /* AppDelegate.swift */; };
		268202E02114FAE8008F8F2B /* HomeViewController.swift in Sources */ = {isa = PBXBuildFile; fileRef = 268202DF2114FAE8008F8F2B /* HomeViewController.swift */; };
		268202E32114FAE8008F8F2B /* Main.storyboard in Resources */ = {isa = PBXBuildFile; fileRef = 268202E12114FAE8008F8F2B /* Main.storyboard */; };
		268202E52114FAE9008F8F2B /* Assets.xcassets in Resources */ = {isa = PBXBuildFile; fileRef = 268202E42114FAE9008F8F2B /* Assets.xcassets */; };
		268202E82114FAE9008F8F2B /* LaunchScreen.storyboard in Resources */ = {isa = PBXBuildFile; fileRef = 268202E62114FAE9008F8F2B /* LaunchScreen.storyboard */; };
		268202F02114FB92008F8F2B /* PromptViewController.swift in Sources */ = {isa = PBXBuildFile; fileRef = 268202EF2114FB92008F8F2B /* PromptViewController.swift */; };
		268202F22114FBA2008F8F2B /* LoginViewController.swift in Sources */ = {isa = PBXBuildFile; fileRef = 268202F12114FBA2008F8F2B /* LoginViewController.swift */; };
		268202F42114FDEA008F8F2B /* LoginWizard.swift in Sources */ = {isa = PBXBuildFile; fileRef = 268202F32114FDEA008F8F2B /* LoginWizard.swift */; };
		268202F621150234008F8F2B /* RootViewController.swift in Sources */ = {isa = PBXBuildFile; fileRef = 268202F521150234008F8F2B /* RootViewController.swift */; };
		5B1A1D849C425B8E23504156 /* Pods_StateMachine.framework in Frameworks */ = {isa = PBXBuildFile; fileRef = 4E9A98641462325EF7DAF1F3 /* Pods_StateMachine.framework */; };
/* End PBXBuildFile section */

/* Begin PBXFileReference section */
		268202DA2114FAE8008F8F2B /* StateMachine.app */ = {isa = PBXFileReference; explicitFileType = wrapper.application; includeInIndex = 0; path = StateMachine.app; sourceTree = BUILT_PRODUCTS_DIR; };
		268202DD2114FAE8008F8F2B /* AppDelegate.swift */ = {isa = PBXFileReference; lastKnownFileType = sourcecode.swift; path = AppDelegate.swift; sourceTree = "<group>"; };
		268202DF2114FAE8008F8F2B /* HomeViewController.swift */ = {isa = PBXFileReference; lastKnownFileType = sourcecode.swift; path = HomeViewController.swift; sourceTree = "<group>"; };
		268202E22114FAE8008F8F2B /* Base */ = {isa = PBXFileReference; lastKnownFileType = file.storyboard; name = Base; path = Base.lproj/Main.storyboard; sourceTree = "<group>"; };
		268202E42114FAE9008F8F2B /* Assets.xcassets */ = {isa = PBXFileReference; lastKnownFileType = folder.assetcatalog; path = Assets.xcassets; sourceTree = "<group>"; };
		268202E72114FAE9008F8F2B /* Base */ = {isa = PBXFileReference; lastKnownFileType = file.storyboard; name = Base; path = Base.lproj/LaunchScreen.storyboard; sourceTree = "<group>"; };
		268202E92114FAE9008F8F2B /* Info.plist */ = {isa = PBXFileReference; lastKnownFileType = text.plist.xml; path = Info.plist; sourceTree = "<group>"; };
		268202EF2114FB92008F8F2B /* PromptViewController.swift */ = {isa = PBXFileReference; lastKnownFileType = sourcecode.swift; path = PromptViewController.swift; sourceTree = "<group>"; };
		268202F12114FBA2008F8F2B /* LoginViewController.swift */ = {isa = PBXFileReference; lastKnownFileType = sourcecode.swift; path = LoginViewController.swift; sourceTree = "<group>"; };
		268202F32114FDEA008F8F2B /* LoginWizard.swift */ = {isa = PBXFileReference; lastKnownFileType = sourcecode.swift; path = LoginWizard.swift; sourceTree = "<group>"; };
		268202F521150234008F8F2B /* RootViewController.swift */ = {isa = PBXFileReference; lastKnownFileType = sourcecode.swift; path = RootViewController.swift; sourceTree = "<group>"; };
		4E9A98641462325EF7DAF1F3 /* Pods_StateMachine.framework */ = {isa = PBXFileReference; explicitFileType = wrapper.framework; includeInIndex = 0; path = Pods_StateMachine.framework; sourceTree = BUILT_PRODUCTS_DIR; };
		C6486A19A6B2C7BA49756AA3 /* Pods-StateMachine.release.xcconfig */ = {isa = PBXFileReference; includeInIndex = 1; lastKnownFileType = text.xcconfig; name = "Pods-StateMachine.release.xcconfig"; path = "Pods/Target Support Files/Pods-StateMachine/Pods-StateMachine.release.xcconfig"; sourceTree = "<group>"; };
		DF196B6F50B8C8E6F80D72B6 /* Pods-StateMachine.debug.xcconfig */ = {isa = PBXFileReference; includeInIndex = 1; lastKnownFileType = text.xcconfig; name = "Pods-StateMachine.debug.xcconfig"; path = "Pods/Target Support Files/Pods-StateMachine/Pods-StateMachine.debug.xcconfig"; sourceTree = "<group>"; };
/* End PBXFileReference section */

/* Begin PBXFrameworksBuildPhase section */
		268202D72114FAE8008F8F2B /* Frameworks */ = {
			isa = PBXFrameworksBuildPhase;
			buildActionMask = 2147483647;
			files = (
				5B1A1D849C425B8E23504156 /* Pods_StateMachine.framework in Frameworks */,
			);
			runOnlyForDeploymentPostprocessing = 0;
		};
/* End PBXFrameworksBuildPhase section */

/* Begin PBXGroup section */
		268202D12114FAE8008F8F2B = {
			isa = PBXGroup;
			children = (
				268202DC2114FAE8008F8F2B /* StateMachine */,
				268202DB2114FAE8008F8F2B /* Products */,
				4176E70336CD10E09D05D707 /* Pods */,
				3753BC5B3420845E96150069 /* Frameworks */,
			);
			sourceTree = "<group>";
		};
		268202DB2114FAE8008F8F2B /* Products */ = {
			isa = PBXGroup;
			children = (
				268202DA2114FAE8008F8F2B /* StateMachine.app */,
			);
			name = Products;
			sourceTree = "<group>";
		};
		268202DC2114FAE8008F8F2B /* StateMachine */ = {
			isa = PBXGroup;
			children = (
				268202DD2114FAE8008F8F2B /* AppDelegate.swift */,
				268202F32114FDEA008F8F2B /* LoginWizard.swift */,
				268202DF2114FAE8008F8F2B /* HomeViewController.swift */,
				268202EF2114FB92008F8F2B /* PromptViewController.swift */,
				268202F12114FBA2008F8F2B /* LoginViewController.swift */,
				268202F521150234008F8F2B /* RootViewController.swift */,
				268202E12114FAE8008F8F2B /* Main.storyboard */,
				268202E42114FAE9008F8F2B /* Assets.xcassets */,
				268202E62114FAE9008F8F2B /* LaunchScreen.storyboard */,
				268202E92114FAE9008F8F2B /* Info.plist */,
			);
			path = StateMachine;
			sourceTree = "<group>";
		};
		3753BC5B3420845E96150069 /* Frameworks */ = {
			isa = PBXGroup;
			children = (
				4E9A98641462325EF7DAF1F3 /* Pods_StateMachine.framework */,
			);
			name = Frameworks;
			sourceTree = "<group>";
		};
		4176E70336CD10E09D05D707 /* Pods */ = {
			isa = PBXGroup;
			children = (
				DF196B6F50B8C8E6F80D72B6 /* Pods-StateMachine.debug.xcconfig */,
				C6486A19A6B2C7BA49756AA3 /* Pods-StateMachine.release.xcconfig */,
			);
			name = Pods;
			sourceTree = "<group>";
		};
/* End PBXGroup section */

/* Begin PBXNativeTarget section */
		268202D92114FAE8008F8F2B /* StateMachine */ = {
			isa = PBXNativeTarget;
			buildConfigurationList = 268202EC2114FAE9008F8F2B /* Build configuration list for PBXNativeTarget "StateMachine" */;
			buildPhases = (
				77C7FC422F81CA624207D7A1 /* [CP] Check Pods Manifest.lock */,
				268202D62114FAE8008F8F2B /* Sources */,
				268202D72114FAE8008F8F2B /* Frameworks */,
				268202D82114FAE8008F8F2B /* Resources */,
				859AB82EF3BB92357BBB502B /* [CP] Embed Pods Frameworks */,
			);
			buildRules = (
			);
			dependencies = (
			);
			name = StateMachine;
			productName = StateMachine;
			productReference = 268202DA2114FAE8008F8F2B /* StateMachine.app */;
			productType = "com.apple.product-type.application";
		};
/* End PBXNativeTarget section */

/* Begin PBXProject section */
		268202D22114FAE8008F8F2B /* Project object */ = {
			isa = PBXProject;
			attributes = {
				LastSwiftUpdateCheck = 0940;
				LastUpgradeCheck = 0940;
				ORGANIZATIONNAME = "Reiaz Gafar";
				TargetAttributes = {
					268202D92114FAE8008F8F2B = {
						CreatedOnToolsVersion = 9.4.1;
					};
				};
			};
			buildConfigurationList = 268202D52114FAE8008F8F2B /* Build configuration list for PBXProject "StateMachine" */;
			compatibilityVersion = "Xcode 9.3";
			developmentRegion = en;
			hasScannedForEncodings = 0;
			knownRegions = (
				en,
				Base,
			);
			mainGroup = 268202D12114FAE8008F8F2B;
			productRefGroup = 268202DB2114FAE8008F8F2B /* Products */;
			projectDirPath = "";
			projectRoot = "";
			targets = (
				268202D92114FAE8008F8F2B /* StateMachine */,
			);
		};
/* End PBXProject section */

/* Begin PBXResourcesBuildPhase section */
		268202D82114FAE8008F8F2B /* Resources */ = {
			isa = PBXResourcesBuildPhase;
			buildActionMask = 2147483647;
			files = (
				268202E82114FAE9008F8F2B /* LaunchScreen.storyboard in Resources */,
				268202E52114FAE9008F8F2B /* Assets.xcassets in Resources */,
				268202E32114FAE8008F8F2B /* Main.storyboard in Resources */,
			);
			runOnlyForDeploymentPostprocessing = 0;
		};
/* End PBXResourcesBuildPhase section */

/* Begin PBXShellScriptBuildPhase section */
		77C7FC422F81CA624207D7A1 /* [CP] Check Pods Manifest.lock */ = {
			isa = PBXShellScriptBuildPhase;
			buildActionMask = 2147483647;
			files = (
			);
			inputPaths = (
				"${PODS_PODFILE_DIR_PATH}/Podfile.lock",
				"${PODS_ROOT}/Manifest.lock",
			);
			name = "[CP] Check Pods Manifest.lock";
			outputPaths = (
				"$(DERIVED_FILE_DIR)/Pods-StateMachine-checkManifestLockResult.txt",
			);
			runOnlyForDeploymentPostprocessing = 0;
			shellPath = /bin/sh;
			shellScript = "diff \"${PODS_PODFILE_DIR_PATH}/Podfile.lock\" \"${PODS_ROOT}/Manifest.lock\" > /dev/null\nif [ $? != 0 ] ; then\n    # print error to STDERR\n    echo \"error: The sandbox is not in sync with the Podfile.lock. Run 'pod install' or update your CocoaPods installation.\" >&2\n    exit 1\nfi\n# This output is used by Xcode 'outputs' to avoid re-running this script phase.\necho \"SUCCESS\" > \"${SCRIPT_OUTPUT_FILE_0}\"\n";
			showEnvVarsInLog = 0;
		};
		859AB82EF3BB92357BBB502B /* [CP] Embed Pods Frameworks */ = {
			isa = PBXShellScriptBuildPhase;
			buildActionMask = 2147483647;
			files = (
			);
			inputPaths = (
				"${SRCROOT}/Pods/Target Support Files/Pods-StateMachine/Pods-StateMachine-frameworks.sh",
				"${BUILT_PRODUCTS_DIR}/Jester/Jester.framework",
				"${BUILT_PRODUCTS_DIR}/RxSwift/RxSwift.framework",
			);
			name = "[CP] Embed Pods Frameworks";
			outputPaths = (
				"${TARGET_BUILD_DIR}/${FRAMEWORKS_FOLDER_PATH}/Jester.framework",
				"${TARGET_BUILD_DIR}/${FRAMEWORKS_FOLDER_PATH}/RxSwift.framework",
			);
			runOnlyForDeploymentPostprocessing = 0;
			shellPath = /bin/sh;
			shellScript = "\"${SRCROOT}/Pods/Target Support Files/Pods-StateMachine/Pods-StateMachine-frameworks.sh\"\n";
			showEnvVarsInLog = 0;
		};
/* End PBXShellScriptBuildPhase section */

/* Begin PBXSourcesBuildPhase section */
		268202D62114FAE8008F8F2B /* Sources */ = {
			isa = PBXSourcesBuildPhase;
			buildActionMask = 2147483647;
			files = (
				268202F22114FBA2008F8F2B /* LoginViewController.swift in Sources */,
				268202F02114FB92008F8F2B /* PromptViewController.swift in Sources */,
				268202F621150234008F8F2B /* RootViewController.swift in Sources */,
				268202F42114FDEA008F8F2B /* LoginWizard.swift in Sources */,
				268202E02114FAE8008F8F2B /* HomeViewController.swift in Sources */,
				268202DE2114FAE8008F8F2B /* AppDelegate.swift in Sources */,
			);
			runOnlyForDeploymentPostprocessing = 0;
		};
/* End PBXSourcesBuildPhase section */

/* Begin PBXVariantGroup section */
		268202E12114FAE8008F8F2B /* Main.storyboard */ = {
			isa = PBXVariantGroup;
			children = (
				268202E22114FAE8008F8F2B /* Base */,
			);
			name = Main.storyboard;
			sourceTree = "<group>";
		};
		268202E62114FAE9008F8F2B /* LaunchScreen.storyboard */ = {
			isa = PBXVariantGroup;
			children = (
				268202E72114FAE9008F8F2B /* Base */,
			);
			name = LaunchScreen.storyboard;
			sourceTree = "<group>";
		};
/* End PBXVariantGroup section */

/* Begin XCBuildConfiguration section */
		268202EA2114FAE9008F8F2B /* Debug */ = {
			isa = XCBuildConfiguration;
			buildSettings = {
				ALWAYS_SEARCH_USER_PATHS = NO;
				CLANG_ANALYZER_NONNULL = YES;
				CLANG_ANALYZER_NUMBER_OBJECT_CONVERSION = YES_AGGRESSIVE;
				CLANG_CXX_LANGUAGE_STANDARD = "gnu++14";
				CLANG_CXX_LIBRARY = "libc++";
				CLANG_ENABLE_MODULES = YES;
				CLANG_ENABLE_OBJC_ARC = YES;
				CLANG_ENABLE_OBJC_WEAK = YES;
				CLANG_WARN_BLOCK_CAPTURE_AUTORELEASING = YES;
				CLANG_WARN_BOOL_CONVERSION = YES;
				CLANG_WARN_COMMA = YES;
				CLANG_WARN_CONSTANT_CONVERSION = YES;
				CLANG_WARN_DEPRECATED_OBJC_IMPLEMENTATIONS = YES;
				CLANG_WARN_DIRECT_OBJC_ISA_USAGE = YES_ERROR;
				CLANG_WARN_DOCUMENTATION_COMMENTS = YES;
				CLANG_WARN_EMPTY_BODY = YES;
				CLANG_WARN_ENUM_CONVERSION = YES;
				CLANG_WARN_INFINITE_RECURSION = YES;
				CLANG_WARN_INT_CONVERSION = YES;
				CLANG_WARN_NON_LITERAL_NULL_CONVERSION = YES;
				CLANG_WARN_OBJC_IMPLICIT_RETAIN_SELF = YES;
				CLANG_WARN_OBJC_LITERAL_CONVERSION = YES;
				CLANG_WARN_OBJC_ROOT_CLASS = YES_ERROR;
				CLANG_WARN_RANGE_LOOP_ANALYSIS = YES;
				CLANG_WARN_STRICT_PROTOTYPES = YES;
				CLANG_WARN_SUSPICIOUS_MOVE = YES;
				CLANG_WARN_UNGUARDED_AVAILABILITY = YES_AGGRESSIVE;
				CLANG_WARN_UNREACHABLE_CODE = YES;
				CLANG_WARN__DUPLICATE_METHOD_MATCH = YES;
				CODE_SIGN_IDENTITY = "iPhone Developer";
				COPY_PHASE_STRIP = NO;
				DEBUG_INFORMATION_FORMAT = dwarf;
				ENABLE_STRICT_OBJC_MSGSEND = YES;
				ENABLE_TESTABILITY = YES;
				GCC_C_LANGUAGE_STANDARD = gnu11;
				GCC_DYNAMIC_NO_PIC = NO;
				GCC_NO_COMMON_BLOCKS = YES;
				GCC_OPTIMIZATION_LEVEL = 0;
				GCC_PREPROCESSOR_DEFINITIONS = (
					"DEBUG=1",
					"$(inherited)",
				);
				GCC_WARN_64_TO_32_BIT_CONVERSION = YES;
				GCC_WARN_ABOUT_RETURN_TYPE = YES_ERROR;
				GCC_WARN_UNDECLARED_SELECTOR = YES;
				GCC_WARN_UNINITIALIZED_AUTOS = YES_AGGRESSIVE;
				GCC_WARN_UNUSED_FUNCTION = YES;
				GCC_WARN_UNUSED_VARIABLE = YES;
				IPHONEOS_DEPLOYMENT_TARGET = 11.4;
				MTL_ENABLE_DEBUG_INFO = YES;
				ONLY_ACTIVE_ARCH = YES;
				SDKROOT = iphoneos;
				SWIFT_ACTIVE_COMPILATION_CONDITIONS = DEBUG;
				SWIFT_OPTIMIZATION_LEVEL = "-Onone";
			};
			name = Debug;
		};
		268202EB2114FAE9008F8F2B /* Release */ = {
			isa = XCBuildConfiguration;
			buildSettings = {
				ALWAYS_SEARCH_USER_PATHS = NO;
				CLANG_ANALYZER_NONNULL = YES;
				CLANG_ANALYZER_NUMBER_OBJECT_CONVERSION = YES_AGGRESSIVE;
				CLANG_CXX_LANGUAGE_STANDARD = "gnu++14";
				CLANG_CXX_LIBRARY = "libc++";
				CLANG_ENABLE_MODULES = YES;
				CLANG_ENABLE_OBJC_ARC = YES;
				CLANG_ENABLE_OBJC_WEAK = YES;
				CLANG_WARN_BLOCK_CAPTURE_AUTORELEASING = YES;
				CLANG_WARN_BOOL_CONVERSION = YES;
				CLANG_WARN_COMMA = YES;
				CLANG_WARN_CONSTANT_CONVERSION = YES;
				CLANG_WARN_DEPRECATED_OBJC_IMPLEMENTATIONS = YES;
				CLANG_WARN_DIRECT_OBJC_ISA_USAGE = YES_ERROR;
				CLANG_WARN_DOCUMENTATION_COMMENTS = YES;
				CLANG_WARN_EMPTY_BODY = YES;
				CLANG_WARN_ENUM_CONVERSION = YES;
				CLANG_WARN_INFINITE_RECURSION = YES;
				CLANG_WARN_INT_CONVERSION = YES;
				CLANG_WARN_NON_LITERAL_NULL_CONVERSION = YES;
				CLANG_WARN_OBJC_IMPLICIT_RETAIN_SELF = YES;
				CLANG_WARN_OBJC_LITERAL_CONVERSION = YES;
				CLANG_WARN_OBJC_ROOT_CLASS = YES_ERROR;
				CLANG_WARN_RANGE_LOOP_ANALYSIS = YES;
				CLANG_WARN_STRICT_PROTOTYPES = YES;
				CLANG_WARN_SUSPICIOUS_MOVE = YES;
				CLANG_WARN_UNGUARDED_AVAILABILITY = YES_AGGRESSIVE;
				CLANG_WARN_UNREACHABLE_CODE = YES;
				CLANG_WARN__DUPLICATE_METHOD_MATCH = YES;
				CODE_SIGN_IDENTITY = "iPhone Developer";
				COPY_PHASE_STRIP = NO;
				DEBUG_INFORMATION_FORMAT = "dwarf-with-dsym";
				ENABLE_NS_ASSERTIONS = NO;
				ENABLE_STRICT_OBJC_MSGSEND = YES;
				GCC_C_LANGUAGE_STANDARD = gnu11;
				GCC_NO_COMMON_BLOCKS = YES;
				GCC_WARN_64_TO_32_BIT_CONVERSION = YES;
				GCC_WARN_ABOUT_RETURN_TYPE = YES_ERROR;
				GCC_WARN_UNDECLARED_SELECTOR = YES;
				GCC_WARN_UNINITIALIZED_AUTOS = YES_AGGRESSIVE;
				GCC_WARN_UNUSED_FUNCTION = YES;
				GCC_WARN_UNUSED_VARIABLE = YES;
				IPHONEOS_DEPLOYMENT_TARGET = 11.4;
				MTL_ENABLE_DEBUG_INFO = NO;
				SDKROOT = iphoneos;
				SWIFT_COMPILATION_MODE = wholemodule;
				SWIFT_OPTIMIZATION_LEVEL = "-O";
				VALIDATE_PRODUCT = YES;
			};
			name = Release;
		};
		268202ED2114FAE9008F8F2B /* Debug */ = {
			isa = XCBuildConfiguration;
			baseConfigurationReference = DF196B6F50B8C8E6F80D72B6 /* Pods-StateMachine.debug.xcconfig */;
			buildSettings = {
				ASSETCATALOG_COMPILER_APPICON_NAME = AppIcon;
				CODE_SIGN_STYLE = Automatic;
				DEVELOPMENT_TEAM = 3V32EPY5YP;
				INFOPLIST_FILE = StateMachine/Info.plist;
				LD_RUNPATH_SEARCH_PATHS = (
					"$(inherited)",
					"@executable_path/Frameworks",
				);
				PRODUCT_BUNDLE_IDENTIFIER = com.reiazgafar.StateMachine;
				PRODUCT_NAME = "$(TARGET_NAME)";
				SWIFT_VERSION = 4.0;
				TARGETED_DEVICE_FAMILY = "1,2";
			};
			name = Debug;
		};
		268202EE2114FAE9008F8F2B /* Release */ = {
			isa = XCBuildConfiguration;
			baseConfigurationReference = C6486A19A6B2C7BA49756AA3 /* Pods-StateMachine.release.xcconfig */;
			buildSettings = {
				ASSETCATALOG_COMPILER_APPICON_NAME = AppIcon;
				CODE_SIGN_STYLE = Automatic;
				DEVELOPMENT_TEAM = 3V32EPY5YP;
				INFOPLIST_FILE = StateMachine/Info.plist;
				LD_RUNPATH_SEARCH_PATHS = (
					"$(inherited)",
					"@executable_path/Frameworks",
				);
				PRODUCT_BUNDLE_IDENTIFIER = com.reiazgafar.StateMachine;
				PRODUCT_NAME = "$(TARGET_NAME)";
				SWIFT_VERSION = 4.0;
				TARGETED_DEVICE_FAMILY = "1,2";
			};
			name = Release;
		};
/* End XCBuildConfiguration section */

/* Begin XCConfigurationList section */
		268202D52114FAE8008F8F2B /* Build configuration list for PBXProject "StateMachine" */ = {
			isa = XCConfigurationList;
			buildConfigurations = (
				268202EA2114FAE9008F8F2B /* Debug */,
				268202EB2114FAE9008F8F2B /* Release */,
			);
			defaultConfigurationIsVisible = 0;
			defaultConfigurationName = Release;
		};
		268202EC2114FAE9008F8F2B /* Build configuration list for PBXNativeTarget "StateMachine" */ = {
			isa = XCConfigurationList;
			buildConfigurations = (
				268202ED2114FAE9008F8F2B /* Debug */,
				268202EE2114FAE9008F8F2B /* Release */,
			);
			defaultConfigurationIsVisible = 0;
			defaultConfigurationName = Release;
		};
/* End XCConfigurationList section */
	};
	rootObject = 268202D22114FAE8008F8F2B /* Project object */;
}
